# This file is automatically @generated by Poetry 1.5.1 and should not be changed by hand.

[[package]]
name = "async-timeout"
version = "4.0.2"
description = "Timeout context manager for asyncio programs"
optional = false
python-versions = ">=3.6"
files = [
    {file = "async_timeout-4.0.2-py3-none-any.whl", hash = "sha256:0ff8e5dcb63782d6baa0daf29dfed7e8f3c997a61453a1c5f8510938565e93d6"},
]

[package.source]
type = "legacy"
url = "https://www.piwheels.org/simple"
reference = "piwheels"

[[package]]
name = "bleak"
version = "0.20.2"
description = "Bluetooth Low Energy platform Agnostic Klient"
optional = false
python-versions = ">=3.7,<4.0"
files = [
    {file = "bleak-0.20.2-py3-none-any.whl", hash = "sha256:ce3106b7258212d92bb77be06f9301774f51f5bbc9f7cd50976ad794e9514dba"},
]

[package.dependencies]
async-timeout = {version = ">=3.0.0,<5", markers = "python_version < \"3.11\""}
bleak-winrt = {version = ">=1.2.0,<2.0.0", markers = "platform_system == \"Windows\""}
dbus-fast = {version = ">=1.83.0,<2.0.0", markers = "platform_system == \"Linux\""}
pyobjc-core = {version = ">=9.0.1,<10.0.0", markers = "platform_system == \"Darwin\""}
pyobjc-framework-CoreBluetooth = {version = ">=9.0.1,<10.0.0", markers = "platform_system == \"Darwin\""}
pyobjc-framework-libdispatch = {version = ">=9.0.1,<10.0.0", markers = "platform_system == \"Darwin\""}

[package.source]
type = "legacy"
url = "https://www.piwheels.org/simple"
reference = "piwheels"

[[package]]
name = "bleak-winrt"
version = "1.2.0"
description = "Python WinRT bindings for Bleak"
optional = false
python-versions = "*"
files = [
    {file = "bleak-winrt-1.2.0.tar.gz", hash = "sha256:0577d070251b9354fc6c45ffac57e39341ebb08ead014b1bdbd43e211d2ce1d6"},
    {file = "bleak_winrt-1.2.0-cp310-cp310-win32.whl", hash = "sha256:a2ae3054d6843ae0cfd3b94c83293a1dfd5804393977dd69bde91cb5099fc47c"},
    {file = "bleak_winrt-1.2.0-cp310-cp310-win_amd64.whl", hash = "sha256:677df51dc825c6657b3ae94f00bd09b8ab88422b40d6a7bdbf7972a63bc44e9a"},
    {file = "bleak_winrt-1.2.0-cp311-cp311-win32.whl", hash = "sha256:9449cdb942f22c9892bc1ada99e2ccce9bea8a8af1493e81fefb6de2cb3a7b80"},
    {file = "bleak_winrt-1.2.0-cp311-cp311-win_amd64.whl", hash = "sha256:98c1b5a6a6c431ac7f76aa4285b752fe14a1c626bd8a1dfa56f66173ff120bee"},
    {file = "bleak_winrt-1.2.0-cp37-cp37m-win32.whl", hash = "sha256:623ac511696e1f58d83cb9c431e32f613395f2199b3db7f125a3d872cab968a4"},
    {file = "bleak_winrt-1.2.0-cp37-cp37m-win_amd64.whl", hash = "sha256:13ab06dec55469cf51a2c187be7b630a7a2922e1ea9ac1998135974a7239b1e3"},
    {file = "bleak_winrt-1.2.0-cp38-cp38-win32.whl", hash = "sha256:5a36ff8cd53068c01a795a75d2c13054ddc5f99ce6de62c1a97cd343fc4d0727"},
    {file = "bleak_winrt-1.2.0-cp38-cp38-win_amd64.whl", hash = "sha256:810c00726653a962256b7acd8edf81ab9e4a3c66e936a342ce4aec7dbd3a7263"},
    {file = "bleak_winrt-1.2.0-cp39-cp39-win32.whl", hash = "sha256:dd740047a08925bde54bec357391fcee595d7b8ca0c74c87170a5cbc3f97aa0a"},
    {file = "bleak_winrt-1.2.0-cp39-cp39-win_amd64.whl", hash = "sha256:63130c11acfe75c504a79c01f9919e87f009f5e742bfc7b7a5c2a9c72bf591a7"},
]

[[package]]
name = "blinker"
version = "1.6.2"
description = "Fast, simple object-to-object and broadcast signaling"
optional = false
python-versions = ">=3.7"
files = [
    {file = "blinker-1.6.2-py3-none-any.whl", hash = "sha256:b9391a943da92b30e4978978984d2e7625ff682eaa3189bc2624e7bbe789cca8"},
]

[package.source]
type = "legacy"
url = "https://www.piwheels.org/simple"
reference = "piwheels"

[[package]]
name = "bluezpy"
version = "0.1"
description = "Python wrapper for BlueZ"
optional = false
python-versions = "*"
files = []
develop = true

[package.source]
type = "directory"
url = "../bluezpy"

[[package]]
name = "click"
version = "8.1.6"
description = "Composable command line interface toolkit"
optional = false
python-versions = ">=3.7"
files = [
    {file = "click-8.1.6-py3-none-any.whl", hash = "sha256:b4bbbe9737f46f3c6455ea363f3a321f48cd875f3a4f303f106cf5d697e48962"},
]

[package.dependencies]
colorama = {version = "*", markers = "platform_system == \"Windows\""}

[package.source]
type = "legacy"
url = "https://www.piwheels.org/simple"
reference = "piwheels"

[[package]]
name = "colorama"
version = "0.4.6"
description = "Cross-platform colored terminal text."
optional = false
python-versions = "!=3.0.*,!=3.1.*,!=3.2.*,!=3.3.*,!=3.4.*,!=3.5.*,!=3.6.*,>=2.7"
files = [
    {file = "colorama-0.4.6-py2.py3-none-any.whl", hash = "sha256:4f1d9991f5acc0ca119f9d443620b77f9d6b33703e51011c16baf57afb285fc6"},
]

[package.source]
type = "legacy"
url = "https://www.piwheels.org/simple"
reference = "piwheels"

[[package]]
name = "contourpy"
version = "1.1.0"
description = "Python library for calculating contours of 2D quadrilateral grids"
optional = false
python-versions = ">=3.8"
files = [
    {file = "contourpy-1.1.0-cp310-cp310-macosx_10_9_x86_64.whl", hash = "sha256:89f06eff3ce2f4b3eb24c1055a26981bffe4e7264acd86f15b97e40530b794bc"},
    {file = "contourpy-1.1.0-cp310-cp310-macosx_11_0_arm64.whl", hash = "sha256:dffcc2ddec1782dd2f2ce1ef16f070861af4fb78c69862ce0aab801495dda6a3"},
    {file = "contourpy-1.1.0-cp310-cp310-manylinux_2_17_aarch64.manylinux2014_aarch64.whl", hash = "sha256:25ae46595e22f93592d39a7eac3d638cda552c3e1160255258b695f7b58e5655"},
    {file = "contourpy-1.1.0-cp310-cp310-manylinux_2_17_ppc64le.manylinux2014_ppc64le.whl", hash = "sha256:17cfaf5ec9862bc93af1ec1f302457371c34e688fbd381f4035a06cd47324f48"},
    {file = "contourpy-1.1.0-cp310-cp310-manylinux_2_17_s390x.manylinux2014_s390x.whl", hash = "sha256:18a64814ae7bce73925131381603fff0116e2df25230dfc80d6d690aa6e20b37"},
    {file = "contourpy-1.1.0-cp310-cp310-manylinux_2_17_x86_64.manylinux2014_x86_64.whl", hash = "sha256:90c81f22b4f572f8a2110b0b741bb64e5a6427e0a198b2cdc1fbaf85f352a3aa"},
    {file = "contourpy-1.1.0-cp310-cp310-musllinux_1_1_x86_64.whl", hash = "sha256:53cc3a40635abedbec7f1bde60f8c189c49e84ac180c665f2cd7c162cc454baa"},
    {file = "contourpy-1.1.0-cp310-cp310-win_amd64.whl", hash = "sha256:1f795597073b09d631782e7245016a4323cf1cf0b4e06eef7ea6627e06a37ff2"},
    {file = "contourpy-1.1.0-cp311-cp311-macosx_10_9_x86_64.whl", hash = "sha256:0b7b04ed0961647691cfe5d82115dd072af7ce8846d31a5fac6c142dcce8b882"},
    {file = "contourpy-1.1.0-cp311-cp311-macosx_11_0_arm64.whl", hash = "sha256:27bc79200c742f9746d7dd51a734ee326a292d77e7d94c8af6e08d1e6c15d545"},
    {file = "contourpy-1.1.0-cp311-cp311-manylinux_2_17_aarch64.manylinux2014_aarch64.whl", hash = "sha256:052cc634bf903c604ef1a00a5aa093c54f81a2612faedaa43295809ffdde885e"},
    {file = "contourpy-1.1.0-cp311-cp311-manylinux_2_17_ppc64le.manylinux2014_ppc64le.whl", hash = "sha256:9382a1c0bc46230fb881c36229bfa23d8c303b889b788b939365578d762b5c18"},
    {file = "contourpy-1.1.0-cp311-cp311-manylinux_2_17_s390x.manylinux2014_s390x.whl", hash = "sha256:e5cec36c5090e75a9ac9dbd0ff4a8cf7cecd60f1b6dc23a374c7d980a1cd710e"},
    {file = "contourpy-1.1.0-cp311-cp311-manylinux_2_17_x86_64.manylinux2014_x86_64.whl", hash = "sha256:1f0cbd657e9bde94cd0e33aa7df94fb73c1ab7799378d3b3f902eb8eb2e04a3a"},
    {file = "contourpy-1.1.0-cp311-cp311-musllinux_1_1_x86_64.whl", hash = "sha256:181cbace49874f4358e2929aaf7ba84006acb76694102e88dd15af861996c16e"},
    {file = "contourpy-1.1.0-cp311-cp311-win_amd64.whl", hash = "sha256:fb3b7d9e6243bfa1efb93ccfe64ec610d85cfe5aec2c25f97fbbd2e58b531256"},
    {file = "contourpy-1.1.0-cp38-cp38-macosx_10_9_x86_64.whl", hash = "sha256:bcb41692aa09aeb19c7c213411854402f29f6613845ad2453d30bf421fe68fed"},
    {file = "contourpy-1.1.0-cp38-cp38-macosx_11_0_arm64.whl", hash = "sha256:5d123a5bc63cd34c27ff9c7ac1cd978909e9c71da12e05be0231c608048bb2ae"},
    {file = "contourpy-1.1.0-cp38-cp38-manylinux_2_17_aarch64.manylinux2014_aarch64.whl", hash = "sha256:62013a2cf68abc80dadfd2307299bfa8f5aa0dcaec5b2954caeb5fa094171103"},
    {file = "contourpy-1.1.0-cp38-cp38-manylinux_2_17_ppc64le.manylinux2014_ppc64le.whl", hash = "sha256:0b6616375d7de55797d7a66ee7d087efe27f03d336c27cf1f32c02b8c1a5ac70"},
    {file = "contourpy-1.1.0-cp38-cp38-manylinux_2_17_s390x.manylinux2014_s390x.whl", hash = "sha256:317267d915490d1e84577924bd61ba71bf8681a30e0d6c545f577363157e5e94"},
    {file = "contourpy-1.1.0-cp38-cp38-manylinux_2_17_x86_64.manylinux2014_x86_64.whl", hash = "sha256:d551f3a442655f3dcc1285723f9acd646ca5858834efeab4598d706206b09c9f"},
    {file = "contourpy-1.1.0-cp38-cp38-musllinux_1_1_x86_64.whl", hash = "sha256:e7a117ce7df5a938fe035cad481b0189049e8d92433b4b33aa7fc609344aafa1"},
    {file = "contourpy-1.1.0-cp38-cp38-win_amd64.whl", hash = "sha256:d4f26b25b4f86087e7d75e63212756c38546e70f2a92d2be44f80114826e1cd4"},
    {file = "contourpy-1.1.0-cp39-cp39-macosx_10_9_x86_64.whl", hash = "sha256:bc00bb4225d57bff7ebb634646c0ee2a1298402ec10a5fe7af79df9a51c1bfd9"},
    {file = "contourpy-1.1.0-cp39-cp39-macosx_11_0_arm64.whl", hash = "sha256:189ceb1525eb0655ab8487a9a9c41f42a73ba52d6789754788d1883fb06b2d8a"},
    {file = "contourpy-1.1.0-cp39-cp39-manylinux_2_17_aarch64.manylinux2014_aarch64.whl", hash = "sha256:9f2931ed4741f98f74b410b16e5213f71dcccee67518970c42f64153ea9313b9"},
    {file = "contourpy-1.1.0-cp39-cp39-manylinux_2_17_ppc64le.manylinux2014_ppc64le.whl", hash = "sha256:30f511c05fab7f12e0b1b7730ebdc2ec8deedcfb505bc27eb570ff47c51a8f15"},
    {file = "contourpy-1.1.0-cp39-cp39-manylinux_2_17_s390x.manylinux2014_s390x.whl", hash = "sha256:143dde50520a9f90e4a2703f367cf8ec96a73042b72e68fcd184e1279962eb6f"},
    {file = "contourpy-1.1.0-cp39-cp39-manylinux_2_17_x86_64.manylinux2014_x86_64.whl", hash = "sha256:e94bef2580e25b5fdb183bf98a2faa2adc5b638736b2c0a4da98691da641316a"},
    {file = "contourpy-1.1.0-cp39-cp39-musllinux_1_1_x86_64.whl", hash = "sha256:ed614aea8462735e7d70141374bd7650afd1c3f3cb0c2dbbcbe44e14331bf002"},
    {file = "contourpy-1.1.0-cp39-cp39-win_amd64.whl", hash = "sha256:438ba416d02f82b692e371858143970ed2eb6337d9cdbbede0d8ad9f3d7dd17d"},
    {file = "contourpy-1.1.0-pp38-pypy38_pp73-macosx_10_9_x86_64.whl", hash = "sha256:a698c6a7a432789e587168573a864a7ea374c6be8d4f31f9d87c001d5a843493"},
    {file = "contourpy-1.1.0-pp38-pypy38_pp73-manylinux_2_17_x86_64.manylinux2014_x86_64.whl", hash = "sha256:397b0ac8a12880412da3551a8cb5a187d3298a72802b45a3bd1805e204ad8439"},
    {file = "contourpy-1.1.0-pp38-pypy38_pp73-win_amd64.whl", hash = "sha256:a67259c2b493b00e5a4d0f7bfae51fb4b3371395e47d079a4446e9b0f4d70e76"},
    {file = "contourpy-1.1.0-pp39-pypy39_pp73-macosx_10_9_x86_64.whl", hash = "sha256:2b836d22bd2c7bb2700348e4521b25e077255ebb6ab68e351ab5aa91ca27e027"},
    {file = "contourpy-1.1.0-pp39-pypy39_pp73-manylinux_2_17_x86_64.manylinux2014_x86_64.whl", hash = "sha256:084eaa568400cfaf7179b847ac871582199b1b44d5699198e9602ecbbb5f6104"},
    {file = "contourpy-1.1.0-pp39-pypy39_pp73-win_amd64.whl", hash = "sha256:911ff4fd53e26b019f898f32db0d4956c9d227d51338fb3b03ec72ff0084ee5f"},
    {file = "contourpy-1.1.0.tar.gz", hash = "sha256:e53046c3863828d21d531cc3b53786e6580eb1ba02477e8681009b6aa0870b21"},
]

[package.dependencies]
numpy = ">=1.16"

[package.extras]
bokeh = ["bokeh", "selenium"]
docs = ["furo", "sphinx-copybutton"]
mypy = ["contourpy[bokeh,docs]", "docutils-stubs", "mypy (==1.2.0)", "types-Pillow"]
test = ["Pillow", "contourpy[test-no-images]", "matplotlib"]
test-no-images = ["pytest", "pytest-cov", "wurlitzer"]

[[package]]
name = "cycler"
version = "0.11.0"
description = "Composable style cycles"
optional = false
python-versions = ">=3.6"
files = [
    {file = "cycler-0.11.0-py3-none-any.whl", hash = "sha256:cbaf3590e093c7281b1866e3fec2242f2430271ef235b1fd96bfb2dc89ac5fae"},
]

[package.source]
type = "legacy"
url = "https://www.piwheels.org/simple"
reference = "piwheels"

[[package]]
name = "dbus-fast"
version = "1.86.0"
description = "A faster version of dbus-next"
optional = false
python-versions = ">=3.7,<4.0"
files = [
    {file = "dbus_fast-1.86.0-cp37-cp37m-manylinux_2_28_armv7l.whl", hash = "sha256:2870457d1bbdfcc2e5966525a3b78e352be2681cb94d29bdcc13e4cbe35118ec"},
    {file = "dbus_fast-1.86.0-cp39-cp39-manylinux_2_31_armv7l.whl", hash = "sha256:de6f31afa88d7f1f79e2ba495a1e35f0b9bb7a1977d810fc2646368621718ac3"},
]

[package.dependencies]
async-timeout = {version = ">=3.0.0", markers = "python_version < \"3.11\""}

[package.source]
type = "legacy"
url = "https://www.piwheels.org/simple"
reference = "piwheels"

[[package]]
name = "filterpy"
version = "1.4.5"
description = "Kalman filtering and optimal estimation library"
optional = false
python-versions = "*"
files = [
    {file = "filterpy-1.4.5-py3-none-any.whl", hash = "sha256:227c2659b318061bb7ad5ec00f1b29ca3a8264f42b18c7be0d14487d521484d8"},
]

[package.dependencies]
matplotlib = "*"
numpy = "*"
scipy = "*"

[package.source]
type = "legacy"
url = "https://www.piwheels.org/simple"
reference = "piwheels"

[[package]]
name = "flask"
version = "2.3.2"
description = "A simple framework for building complex web applications."
optional = false
python-versions = ">=3.8"
files = [
    {file = "Flask-2.3.2-py3-none-any.whl", hash = "sha256:a6d95dc78956c831aba6f67f677503069b542556ffff00dd5c1d42d14587b0db"},
]

[package.dependencies]
blinker = ">=1.6.2"
click = ">=8.1.3"
importlib-metadata = {version = ">=3.6.0", markers = "python_version < \"3.10\""}
itsdangerous = ">=2.1.2"
Jinja2 = ">=3.1.2"
Werkzeug = ">=2.3.3"

[package.extras]
async = ["asgiref (>=3.2)"]
dotenv = ["python-dotenv"]

[package.source]
type = "legacy"
url = "https://www.piwheels.org/simple"
reference = "piwheels"

[[package]]
name = "fonttools"
version = "4.41.0"
description = "Tools to manipulate font files"
optional = false
python-versions = ">=3.8"
files = [
    {file = "fonttools-4.41.0-py3-none-any.whl", hash = "sha256:2ba61b7f16fbe930931b0a2adb74cbf420bc6615231ebf25a74e68228f6c4ad8"},
]

[package.extras]
all = ["brotli (>=1.0.1)", "brotlicffi (>=0.8.0)", "fs (>=2.2.0,<3)", "lxml (>=4.0,<5)", "lz4 (>=1.7.4.2)", "matplotlib", "munkres", "scipy", "skia-pathops (>=0.5.0)", "sympy", "uharfbuzz (>=0.23.0)", "unicodedata2 (>=15.0.0)", "xattr", "zopfli (>=0.1.4)"]
graphite = ["lz4 (>=1.7.4.2)"]
interpolatable = ["munkres", "scipy"]
lxml = ["lxml (>=4.0,<5)"]
pathops = ["skia-pathops (>=0.5.0)"]
plot = ["matplotlib"]
repacker = ["uharfbuzz (>=0.23.0)"]
symfont = ["sympy"]
type1 = ["xattr"]
ufo = ["fs (>=2.2.0,<3)"]
unicode = ["unicodedata2 (>=15.0.0)"]
woff = ["brotli (>=1.0.1)", "brotlicffi (>=0.8.0)", "zopfli (>=0.1.4)"]

[package.source]
type = "legacy"
url = "https://www.piwheels.org/simple"
reference = "piwheels"

[[package]]
name = "imageio"
version = "2.31.1"
description = "Library for reading and writing a wide range of image, video, scientific, and volumetric data formats."
optional = false
python-versions = ">=3.7"
files = [
    {file = "imageio-2.31.1-py3-none-any.whl", hash = "sha256:f0769a6b1c336e087e8975ca5bf28a496c7e759cac30c466c38b1d7689f79e16"},
]

[package.dependencies]
numpy = "*"
pillow = ">=8.3.2"

[package.extras]
all-plugins = ["astropy", "av", "imageio-ffmpeg", "psutil", "tifffile"]
all-plugins-pypy = ["av", "imageio-ffmpeg", "psutil", "tifffile"]
build = ["wheel"]
dev = ["black", "flake8", "fsspec[github]", "pytest", "pytest-cov"]
docs = ["numpydoc", "pydata-sphinx-theme", "sphinx (<6)"]
ffmpeg = ["imageio-ffmpeg", "psutil"]
fits = ["astropy"]
full = ["astropy", "av", "black", "flake8", "fsspec[github]", "gdal", "imageio-ffmpeg", "itk", "numpydoc", "psutil", "pydata-sphinx-theme", "pytest", "pytest-cov", "sphinx (<6)", "tifffile", "wheel"]
gdal = ["gdal"]
itk = ["itk"]
linting = ["black", "flake8"]
pyav = ["av"]
test = ["fsspec[github]", "pytest", "pytest-cov"]
tifffile = ["tifffile"]

[package.source]
type = "legacy"
url = "https://www.piwheels.org/simple"
reference = "piwheels"

[[package]]
name = "importlib-metadata"
version = "6.8.0"
description = "Read metadata from Python packages"
optional = false
python-versions = ">=3.8"
files = [
    {file = "importlib_metadata-6.8.0-py3-none-any.whl", hash = "sha256:eee927b02daa5ef8a9da352c7edb8d87e3b0fb0ac03c36ec3b0c16a735819c74"},
]

[package.dependencies]
zipp = ">=0.5"

[package.extras]
docs = ["furo", "jaraco.packaging (>=9)", "jaraco.tidelift (>=1.4)", "rst.linker (>=1.9)", "sphinx (>=3.5)", "sphinx-lint"]
perf = ["ipython"]
testing = ["flufl.flake8", "importlib-resources (>=1.3)", "packaging", "pyfakefs", "pytest (>=6)", "pytest-black (>=0.3.7)", "pytest-checkdocs (>=2.4)", "pytest-cov", "pytest-enabler (>=2.2)", "pytest-mypy (>=0.9.1)", "pytest-perf (>=0.9.2)", "pytest-ruff"]

[package.source]
type = "legacy"
url = "https://www.piwheels.org/simple"
reference = "piwheels"

[[package]]
name = "importlib-resources"
version = "6.0.0"
description = "Read resources from Python packages"
optional = false
python-versions = ">=3.8"
files = [
    {file = "importlib_resources-6.0.0-py3-none-any.whl", hash = "sha256:6adaba6b4e3f02a7b208bcaa0d0eeb5e475ebc9b70f1d34611a703996c40437c"},
]

[package.dependencies]
zipp = {version = ">=3.1.0", markers = "python_version < \"3.10\""}

[package.extras]
docs = ["furo", "jaraco.packaging (>=9.3)", "jaraco.tidelift (>=1.4)", "rst.linker (>=1.9)", "sphinx (>=3.5)", "sphinx-lint"]
testing = ["pytest (>=6)", "pytest-black (>=0.3.7)", "pytest-checkdocs (>=2.4)", "pytest-cov", "pytest-enabler (>=2.2)", "pytest-mypy (>=0.9.1)", "pytest-ruff"]

[package.source]
type = "legacy"
url = "https://www.piwheels.org/simple"
reference = "piwheels"

[[package]]
name = "imutils"
version = "0.5.4"
description = "A series of convenience functions to make basic image processing functions such as translation, rotation, resizing, skeletonization, displaying Matplotlib images, sorting contours, detecting edges, and much more easier with OpenCV and both Python 2.7 and Python 3."
optional = false
python-versions = "*"
files = [
    {file = "imutils-0.5.4-py3-none-any.whl", hash = "sha256:f233020af4b67d42caea543b8a8c9aebbb7f5159d7ef6d7dc8980282a20ade88"},
]

[package.source]
type = "legacy"
url = "https://www.piwheels.org/simple"
reference = "piwheels"

[[package]]
name = "itsdangerous"
version = "2.1.2"
description = "Safely pass data to untrusted environments and back."
optional = false
python-versions = ">=3.7"
files = [
    {file = "itsdangerous-2.1.2-py3-none-any.whl", hash = "sha256:9b5133a939beab3861a10b90a6b576e703e248e6e540b39862fac4059233fd9b"},
]

[package.source]
type = "legacy"
url = "https://www.piwheels.org/simple"
reference = "piwheels"

[[package]]
name = "jinja2"
version = "3.1.2"
description = "A very fast and expressive template engine."
optional = false
python-versions = ">=3.7"
files = [
    {file = "Jinja2-3.1.2-py3-none-any.whl", hash = "sha256:939eff24462195e3e006dac39c9d3ad951edfcab8f4b496bfaad8659ee0a01b1"},
]

[package.dependencies]
MarkupSafe = ">=2.0"

[package.extras]
i18n = ["Babel (>=2.7)"]

[package.source]
type = "legacy"
url = "https://www.piwheels.org/simple"
reference = "piwheels"

[[package]]
name = "kiwisolver"
version = "1.4.4"
description = "A fast implementation of the Cassowary constraint solver"
optional = false
python-versions = ">=3.7"
files = [
    {file = "kiwisolver-1.4.4-cp37-cp37m-linux_armv6l.whl", hash = "sha256:9495371dc5ef80b5a018fac3682af76a0b244d24ae60936fad512244add38133"},
    {file = "kiwisolver-1.4.4-cp37-cp37m-linux_armv7l.whl", hash = "sha256:9495371dc5ef80b5a018fac3682af76a0b244d24ae60936fad512244add38133"},
    {file = "kiwisolver-1.4.4-cp39-cp39-linux_armv6l.whl", hash = "sha256:3f7c06520aca32ded0bde9ca3150931e72a098a02422bc6f9ed9a49ee52cc008"},
    {file = "kiwisolver-1.4.4-cp39-cp39-linux_armv7l.whl", hash = "sha256:3f7c06520aca32ded0bde9ca3150931e72a098a02422bc6f9ed9a49ee52cc008"},
]

[package.source]
type = "legacy"
url = "https://www.piwheels.org/simple"
reference = "piwheels"

[[package]]
name = "lap"
version = "0.4.0"
description = "Linear Assignment Problem solver (LAPJV/LAPMOD)."
optional = false
python-versions = "*"
files = [
    {file = "lap-0.4.0-cp35-cp35m-linux_armv6l.whl", hash = "sha256:453dae2ece4c620091d291b2152fad1ebb7c5d5abbe50ce1b68d2b339c06da1a"},
    {file = "lap-0.4.0-cp35-cp35m-linux_armv7l.whl", hash = "sha256:453dae2ece4c620091d291b2152fad1ebb7c5d5abbe50ce1b68d2b339c06da1a"},
    {file = "lap-0.4.0-cp37-cp37m-linux_armv6l.whl", hash = "sha256:4ee5570cff0810b015b6b50057a005f124aa19bdd14eee8f5445ab82871829d5"},
    {file = "lap-0.4.0-cp37-cp37m-linux_armv7l.whl", hash = "sha256:4ee5570cff0810b015b6b50057a005f124aa19bdd14eee8f5445ab82871829d5"},
    {file = "lap-0.4.0-cp39-cp39-linux_armv6l.whl", hash = "sha256:bc02391942f194b3c867e01c0e6abae6ccd12d9c1ad294f11ea611ed93dae369"},
    {file = "lap-0.4.0-cp39-cp39-linux_armv7l.whl", hash = "sha256:bc02391942f194b3c867e01c0e6abae6ccd12d9c1ad294f11ea611ed93dae369"},
]

[package.extras]
alldeps = ["numpy (>=1.10.1)"]

[package.source]
type = "legacy"
url = "https://www.piwheels.org/simple"
reference = "piwheels"

[[package]]
name = "markupsafe"
version = "2.1.3"
description = "Safely add untrusted strings to HTML/XML markup."
optional = false
python-versions = ">=3.7"
files = [
    {file = "MarkupSafe-2.1.3-cp37-cp37m-linux_armv6l.whl", hash = "sha256:f38825e76a01b258b8119713726e0e46ed95d347fda7966e83627a8b706a1dbd"},
    {file = "MarkupSafe-2.1.3-cp37-cp37m-linux_armv7l.whl", hash = "sha256:f38825e76a01b258b8119713726e0e46ed95d347fda7966e83627a8b706a1dbd"},
    {file = "MarkupSafe-2.1.3-cp39-cp39-linux_armv6l.whl", hash = "sha256:d994657d8dedbc8976d4250aa2029f1f332f311024baf23fe2f5c38a7abbd4dd"},
    {file = "MarkupSafe-2.1.3-cp39-cp39-linux_armv7l.whl", hash = "sha256:d994657d8dedbc8976d4250aa2029f1f332f311024baf23fe2f5c38a7abbd4dd"},
]

[package.source]
type = "legacy"
url = "https://www.piwheels.org/simple"
reference = "piwheels"

[[package]]
name = "matplotlib"
version = "3.7.2"
description = "Python plotting package"
optional = false
python-versions = ">=3.8"
files = [
    {file = "matplotlib-3.7.2-cp39-cp39-linux_armv6l.whl", hash = "sha256:db1c9e7eb85df21509c27f1b3dbc11971f96154701f51f739c7a2654162f4fcf"},
    {file = "matplotlib-3.7.2-cp39-cp39-linux_armv7l.whl", hash = "sha256:db1c9e7eb85df21509c27f1b3dbc11971f96154701f51f739c7a2654162f4fcf"},
]

[package.dependencies]
contourpy = ">=1.0.1"
cycler = ">=0.10"
fonttools = ">=4.22.0"
importlib-resources = {version = ">=3.2.0", markers = "python_version < \"3.10\""}
kiwisolver = ">=1.0.1"
numpy = ">=1.20"
packaging = ">=20.0"
pillow = ">=6.2.0"
pyparsing = ">=2.3.1,<3.1"
python-dateutil = ">=2.7"

[package.source]
type = "legacy"
url = "https://www.piwheels.org/simple"
reference = "piwheels"

[[package]]
name = "networkx"
version = "3.1"
description = "Python package for creating and manipulating graphs and networks"
optional = false
python-versions = ">=3.8"
files = [
    {file = "networkx-3.1-py3-none-any.whl", hash = "sha256:3da7d9ef99eae42a6e9f8fc3c7eca5733734728b8f8db3cfc6c3457a4d539dbc"},
]

[package.extras]
default = ["matplotlib (>=3.4)", "numpy (>=1.20)", "pandas (>=1.3)", "scipy (>=1.8)"]
developer = ["mypy (>=1.1)", "pre-commit (>=3.2)"]
doc = ["nb2plots (>=0.6)", "numpydoc (>=1.5)", "pillow (>=9.4)", "pydata-sphinx-theme (>=0.13)", "sphinx (>=6.1)", "sphinx-gallery (>=0.12)", "texext (>=0.6.7)"]
extra = ["lxml (>=4.6)", "pydot (>=1.4.2)", "pygraphviz (>=1.10)", "sympy (>=1.10)"]
test = ["codecov (>=2.1)", "pytest (>=7.2)", "pytest-cov (>=4.0)"]

[package.source]
type = "legacy"
url = "https://www.piwheels.org/simple"
reference = "piwheels"

[[package]]
name = "numpy"
version = "1.24.4"
description = "Fundamental package for array computing in Python"
optional = false
python-versions = ">=3.8"
files = [
    {file = "numpy-1.24.4-cp39-cp39-linux_armv6l.whl", hash = "sha256:d1c47e610b07734d689b1676740629dd3e1fc155c326356b11c432f464eac04d"},
    {file = "numpy-1.24.4-cp39-cp39-linux_armv7l.whl", hash = "sha256:d1c47e610b07734d689b1676740629dd3e1fc155c326356b11c432f464eac04d"},
]

[package.source]
type = "legacy"
url = "https://www.piwheels.org/simple"
reference = "piwheels"

[[package]]
name = "opencv-contrib-python"
version = "4.4.0.46"
description = "Wrapper package for OpenCV python bindings."
optional = false
python-versions = ">=3.6"
files = [
    {file = "opencv_contrib_python-4.4.0.46-cp37-cp37m-linux_armv6l.whl", hash = "sha256:abc28cf68e3d2ab8deca9522b2b6dcb6d5409e2bc949564d2b5f0c15b8a19924"},
    {file = "opencv_contrib_python-4.4.0.46-cp37-cp37m-linux_armv7l.whl", hash = "sha256:abc28cf68e3d2ab8deca9522b2b6dcb6d5409e2bc949564d2b5f0c15b8a19924"},
    {file = "opencv_contrib_python-4.4.0.46-cp39-cp39-linux_armv6l.whl", hash = "sha256:9e9855649ee42183dd07697e28b4ac35d9eb1e82fb28c8ba0a991b1a71cb48fb"},
    {file = "opencv_contrib_python-4.4.0.46-cp39-cp39-linux_armv7l.whl", hash = "sha256:9e9855649ee42183dd07697e28b4ac35d9eb1e82fb28c8ba0a991b1a71cb48fb"},
]

[package.dependencies]
numpy = ">=1.19.3"

[package.source]
type = "legacy"
url = "https://www.piwheels.org/simple"
reference = "piwheels"

[[package]]
name = "opencv-python"
version = "4.4.0.46"
description = "Wrapper package for OpenCV python bindings."
optional = false
python-versions = ">=3.6"
files = [
    {file = "opencv_python-4.4.0.46-cp37-cp37m-linux_armv6l.whl", hash = "sha256:c5802e0b45dcc4d8196681cba69b888e97bf4f2c1d1a6f035af15dcf2e9ac3dc"},
    {file = "opencv_python-4.4.0.46-cp37-cp37m-linux_armv7l.whl", hash = "sha256:c5802e0b45dcc4d8196681cba69b888e97bf4f2c1d1a6f035af15dcf2e9ac3dc"},
    {file = "opencv_python-4.4.0.46-cp39-cp39-linux_armv6l.whl", hash = "sha256:11eacf970e20bb7516726931366788ff119ccca9c216ac169e5ade9ac5c9baa9"},
    {file = "opencv_python-4.4.0.46-cp39-cp39-linux_armv7l.whl", hash = "sha256:11eacf970e20bb7516726931366788ff119ccca9c216ac169e5ade9ac5c9baa9"},
]

[package.dependencies]
numpy = ">=1.19.3"

[package.source]
type = "legacy"
url = "https://www.piwheels.org/simple"
reference = "piwheels"

[[package]]
name = "packaging"
version = "23.1"
description = "Core utilities for Python packages"
optional = false
python-versions = ">=3.7"
files = [
    {file = "packaging-23.1-py3-none-any.whl", hash = "sha256:135a6a678ccdfa43bfe57118b60922c721550f6c27bec2e1b08f60ba3924fe3e"},
]

[package.source]
type = "legacy"
url = "https://www.piwheels.org/simple"
reference = "piwheels"

[[package]]
name = "pillow"
version = "10.0.0"
description = "Python Imaging Library (Fork)"
optional = false
python-versions = ">=3.8"
files = [
    {file = "Pillow-10.0.0-cp39-cp39-linux_armv6l.whl", hash = "sha256:c3d151125cf7fad504c9d2b568f546846cb9481169e09c1092f58715d1209e48"},
    {file = "Pillow-10.0.0-cp39-cp39-linux_armv7l.whl", hash = "sha256:c3d151125cf7fad504c9d2b568f546846cb9481169e09c1092f58715d1209e48"},
]

[package.extras]
docs = ["furo", "olefile", "sphinx (>=2.4)", "sphinx-copybutton", "sphinx-inline-tabs", "sphinx-removed-in", "sphinxext-opengraph"]
tests = ["check-manifest", "coverage", "defusedxml", "markdown2", "olefile", "packaging", "pyroma", "pytest", "pytest-cov", "pytest-timeout"]

[package.source]
type = "legacy"
url = "https://www.piwheels.org/simple"
reference = "piwheels"

[[package]]
name = "pyobjc-core"
version = "9.2"
description = "Python<->ObjC Interoperability Module"
optional = false
python-versions = ">=3.7"
files = [
    {file = "pyobjc-core-9.2.tar.gz", hash = "sha256:d734b9291fec91ff4e3ae38b9c6839debf02b79c07314476e87da8e90b2c68c3"},
    {file = "pyobjc_core-9.2-cp310-cp310-macosx_10_9_universal2.whl", hash = "sha256:fa674a39949f5cde8e5c7bbcd24496446bfc67592b028aedbec7f81dc5fc4daa"},
    {file = "pyobjc_core-9.2-cp311-cp311-macosx_10_9_universal2.whl", hash = "sha256:bbc8de304ee322a1ee530b4d2daca135a49b4a49aa3cedc6b2c26c43885f4842"},
    {file = "pyobjc_core-9.2-cp312-cp312-macosx_10_9_universal2.whl", hash = "sha256:0fa950f092673883b8bd28bc18397415cabb457bf410920762109b411789ade9"},
    {file = "pyobjc_core-9.2-cp37-cp37m-macosx_10_9_x86_64.whl", hash = "sha256:586e4cae966282eaa61b21cae66ccdcee9d69c036979def26eebdc08ddebe20f"},
    {file = "pyobjc_core-9.2-cp38-cp38-macosx_10_9_x86_64.whl", hash = "sha256:41189c2c680931c0395a55691763c481fc681f454f21bb4f1644f98c24a45954"},
    {file = "pyobjc_core-9.2-cp38-cp38-macosx_11_0_universal2.whl", hash = "sha256:2d23ee539f2ba5e9f5653d75a13f575c7e36586fc0086792739e69e4c2617eda"},
    {file = "pyobjc_core-9.2-cp39-cp39-macosx_10_9_universal2.whl", hash = "sha256:b9809cf96678797acb72a758f34932fe8e2602d5ab7abec15c5ac68ddb481720"},
]

[[package]]
name = "pyobjc-framework-cocoa"
version = "9.2"
description = "Wrappers for the Cocoa frameworks on macOS"
optional = false
python-versions = ">=3.7"
files = [
    {file = "pyobjc-framework-Cocoa-9.2.tar.gz", hash = "sha256:efd78080872d8c8de6c2b97e0e4eac99d6203a5d1637aa135d071d464eb2db53"},
    {file = "pyobjc_framework_Cocoa-9.2-cp310-cp310-macosx_10_9_universal2.whl", hash = "sha256:9e02d8a7cc4eb7685377c50ba4f17345701acf4c05b1e7480d421bff9e2f62a4"},
    {file = "pyobjc_framework_Cocoa-9.2-cp311-cp311-macosx_10_9_universal2.whl", hash = "sha256:3b1e6287b3149e4c6679cdbccd8e9ef6557a4e492a892e80a77df143f40026d2"},
    {file = "pyobjc_framework_Cocoa-9.2-cp312-cp312-macosx_10_9_universal2.whl", hash = "sha256:312977ce2e3989073c6b324c69ba24283de206fe7acd6dbbbaf3e29238a22537"},
    {file = "pyobjc_framework_Cocoa-9.2-cp37-cp37m-macosx_10_9_x86_64.whl", hash = "sha256:aae7841cf40c26dd915f4dd828f91c6616e6b7998630b72e704750c09e00f334"},
    {file = "pyobjc_framework_Cocoa-9.2-cp38-cp38-macosx_10_9_x86_64.whl", hash = "sha256:739a421e14382a46cbeb9a883f192dceff368ad28ec34d895c48c0ad34cf2c1d"},
    {file = "pyobjc_framework_Cocoa-9.2-cp38-cp38-macosx_11_0_universal2.whl", hash = "sha256:32d9ac1033fac1b821ddee8c68f972a7074ad8c50bec0bea9a719034c1c2fb94"},
    {file = "pyobjc_framework_Cocoa-9.2-cp39-cp39-macosx_10_9_universal2.whl", hash = "sha256:b236bb965e41aeb2e215d4e98a5a230d4b63252c6d26e00924ea2e69540a59d6"},
]

[package.dependencies]
pyobjc-core = ">=9.2"

[[package]]
name = "pyobjc-framework-corebluetooth"
version = "9.2"
description = "Wrappers for the framework CoreBluetooth on macOS"
optional = false
python-versions = ">=3.7"
files = [
    {file = "pyobjc-framework-CoreBluetooth-9.2.tar.gz", hash = "sha256:cb2481b1dfe211ae9ce55f36537dc8155dbf0dc8ff26e0bc2e13f7afb0a291d1"},
    {file = "pyobjc_framework_CoreBluetooth-9.2-cp36-abi3-macosx_10_9_universal2.whl", hash = "sha256:53d888742119d0f0c725d0b0c2389f68e8f21f0cba6d6aec288c53260a0196b6"},
    {file = "pyobjc_framework_CoreBluetooth-9.2-cp36-abi3-macosx_10_9_x86_64.whl", hash = "sha256:179532882126526e38fe716a50fb0ee8f440e0b838d290252c515e622b5d0e49"},
    {file = "pyobjc_framework_CoreBluetooth-9.2-cp36-abi3-macosx_11_0_universal2.whl", hash = "sha256:256a5031ea9d8a7406541fa1b0dfac549b1de93deae8284605f9355b13fb58be"},
]

[package.dependencies]
pyobjc-core = ">=9.2"
pyobjc-framework-Cocoa = ">=9.2"

[[package]]
name = "pyobjc-framework-libdispatch"
version = "9.2"
description = "Wrappers for libdispatch on macOS"
optional = false
python-versions = ">=3.7"
files = [
    {file = "pyobjc-framework-libdispatch-9.2.tar.gz", hash = "sha256:542e7f7c2b041939db5ed6f3119c1d67d73ec14a996278b92485f8513039c168"},
    {file = "pyobjc_framework_libdispatch-9.2-cp310-cp310-macosx_10_9_universal2.whl", hash = "sha256:88d4091d4bcb5702783d6e86b4107db973425a17d1de491543f56bd348909b60"},
    {file = "pyobjc_framework_libdispatch-9.2-cp311-cp311-macosx_10_9_universal2.whl", hash = "sha256:1a67b007113328538b57893cc7829a722270764cdbeae6d5e1460a1d911314df"},
    {file = "pyobjc_framework_libdispatch-9.2-cp312-cp312-macosx_10_9_universal2.whl", hash = "sha256:6fccea1a57436cf1ac50d9ebc6e3e725bcf77f829ba6b118e62e6ed7866d359d"},
    {file = "pyobjc_framework_libdispatch-9.2-cp37-cp37m-macosx_10_9_x86_64.whl", hash = "sha256:6eba747b7ad91b0463265a7aee59235bb051fb97687f35ca2233690369b5e4e4"},
    {file = "pyobjc_framework_libdispatch-9.2-cp38-cp38-macosx_10_9_x86_64.whl", hash = "sha256:2e835495860d04f63c2d2f73ae3dd79da4222864c107096dc0f99e8382700026"},
    {file = "pyobjc_framework_libdispatch-9.2-cp38-cp38-macosx_11_0_universal2.whl", hash = "sha256:1b107e5c3580b09553030961ea6b17abad4a5132101eab1af3ad2cb36d0f08bb"},
    {file = "pyobjc_framework_libdispatch-9.2-cp39-cp39-macosx_10_9_universal2.whl", hash = "sha256:83cdb672acf722717b5ecf004768f215f02ac02d7f7f2a9703da6e921ab02222"},
]

[package.dependencies]
pyobjc-core = ">=9.2"

[[package]]
name = "pyparsing"
version = "3.0.9"
description = "pyparsing module - Classes and methods to define and execute parsing grammars"
optional = false
python-versions = ">=3.6.8"
files = [
    {file = "pyparsing-3.0.9-py3-none-any.whl", hash = "sha256:94fac81ddf92f0bdf3bb33c1c3e6d0181caa204a578184dd02778870ccf307c5"},
]

[package.extras]
diagrams = ["jinja2", "railroad-diagrams"]

[package.source]
type = "legacy"
url = "https://www.piwheels.org/simple"
reference = "piwheels"

[[package]]
name = "python-dateutil"
version = "2.8.2"
description = "Extensions to the standard Python datetime module"
optional = false
python-versions = "!=3.0.*,!=3.1.*,!=3.2.*,>=2.7"
files = [
    {file = "python_dateutil-2.8.2-py2.py3-none-any.whl", hash = "sha256:961d03dc3453ebbc59dbdea9e4e11c5651520a876d0f4db161e8674aae935da9"},
]

[package.dependencies]
six = ">=1.5"

[package.source]
type = "legacy"
url = "https://www.piwheels.org/simple"
reference = "piwheels"

[[package]]
name = "pywavelets"
version = "1.4.1"
description = "PyWavelets, wavelet transform module"
optional = false
python-versions = ">=3.8"
files = [
    {file = "PyWavelets-1.4.1-cp39-cp39-linux_armv6l.whl", hash = "sha256:30b0c563ed6378ec821cbd26ee0d571700e311390542e60939a61f766fb92940"},
    {file = "PyWavelets-1.4.1-cp39-cp39-linux_armv7l.whl", hash = "sha256:30b0c563ed6378ec821cbd26ee0d571700e311390542e60939a61f766fb92940"},
]

[package.dependencies]
numpy = ">=1.17.3"

[package.source]
type = "legacy"
url = "https://www.piwheels.org/simple"
reference = "piwheels"

[[package]]
name = "scikit-image"
version = "0.17.2"
description = "Image processing in Python"
optional = false
python-versions = ">=3.6"
files = [
    {file = "scikit_image-0.17.2-cp37-cp37m-linux_armv6l.whl", hash = "sha256:32008a23dc1fe4fd17d8e3a33b9d9e1d9f9d77250e577a81a0339b888ed60d45"},
    {file = "scikit_image-0.17.2-cp37-cp37m-linux_armv7l.whl", hash = "sha256:32008a23dc1fe4fd17d8e3a33b9d9e1d9f9d77250e577a81a0339b888ed60d45"},
    {file = "scikit_image-0.17.2-cp39-cp39-linux_armv6l.whl", hash = "sha256:e0aff85e5eebbc479e157bed0316b246d6707d58a8e11d40f8a55fa0247b36ec"},
    {file = "scikit_image-0.17.2-cp39-cp39-linux_armv7l.whl", hash = "sha256:e0aff85e5eebbc479e157bed0316b246d6707d58a8e11d40f8a55fa0247b36ec"},
]

[package.dependencies]
imageio = ">=2.3.0"
matplotlib = ">=2.0.0,<3.0.0 || >3.0.0"
networkx = ">=2.0"
numpy = ">=1.15.1"
pillow = ">=4.3.0,<7.1.0 || >7.1.0,<7.1.1 || >7.1.1"
PyWavelets = ">=1.1.1"
scipy = ">=1.0.1"
tifffile = ">=2019.7.26"

[package.extras]
docs = ["cloudpickle (>=0.2.1)", "dask[array] (>=0.15.0)", "matplotlib (>=3.0.1)", "numpydoc (>=0.9)", "pandas (>=0.23.0)", "pooch (>=0.5.2)", "pytest-runner", "scikit-learn", "seaborn (>=0.7.1)", "sphinx (>=1.8,<=2.4.4)", "sphinx-copybutton", "sphinx-gallery (>=0.3.1)"]
optional = ["SimpleITK", "astropy (>=1.2.0)", "cloudpickle (>=0.2.1)", "dask[array] (>=0.15.0)", "pooch (>=0.5.2)", "pyamg", "qtpy"]
test = ["codecov", "flake8", "pytest (!=3.7.3)", "pytest-cov", "pytest-localserver"]

[package.source]
type = "legacy"
url = "https://www.piwheels.org/simple"
reference = "piwheels"

[[package]]
name = "scipy"
version = "1.8.1"
description = "SciPy: Scientific Library for Python"
optional = false
python-versions = ">=3.8,<3.11"
files = [
    {file = "SciPy-1.8.1-cp39-cp39-linux_armv6l.whl", hash = "sha256:f6865c8d400b37c65af13b1d7751480840f99169da80478095508f2929365e39"},
    {file = "SciPy-1.8.1-cp39-cp39-linux_armv7l.whl", hash = "sha256:f6865c8d400b37c65af13b1d7751480840f99169da80478095508f2929365e39"},
]

[package.dependencies]
numpy = ">=1.17.3,<1.25.0"

[package.extras]
dev = ["flake8", "mypy", "pycodestyle", "typing-extensions"]
doc = ["matplotlib (>2)", "numpydoc (==1.1.0)", "pydata-sphinx-theme (>=0.6.1)", "sphinx (!=3.1.0,!=4.1.0)", "sphinx-panels (>=0.5.2)"]
test = ["asv", "gmpy2 (==2.1.0rc1)", "mpmath", "pytest", "pytest-cov", "pytest-xdist", "scikit-umfpack", "threadpoolctl"]

[package.source]
type = "legacy"
url = "https://www.piwheels.org/simple"
reference = "piwheels"

[[package]]
name = "six"
version = "1.16.0"
description = "Python 2 and 3 compatibility utilities"
optional = false
python-versions = ">=2.7, !=3.0.*, !=3.1.*, !=3.2.*"
files = [
    {file = "six-1.16.0-py2.py3-none-any.whl", hash = "sha256:8abb2f1d86890a2dfb989f9a77cfcfd3e47c2a354b01111771326f8aa26e0254"},
]

[package.source]
type = "legacy"
url = "https://www.piwheels.org/simple"
reference = "piwheels"

[[package]]
name = "spherov2"
version = "0.13"
description = "An unofficial Bluetooth low energy library for Sphero toys in Python."
optional = false
python-versions = ">=3.7"
files = []
develop = true

[package.dependencies]
numpy = "1.24.4"
transforms3d = "*"

[package.source]
type = "directory"
url = "../spherov2.py"

[[package]]
name = "tifffile"
version = "2023.7.18"
description = "Read and write TIFF files"
optional = false
python-versions = ">=3.9"
files = [
    {file = "tifffile-2023.7.18-py3-none-any.whl", hash = "sha256:6efc1619a4e002bb7a66c7e268c9dae5f0710e2d20451df0050ed905f27f9e66"},
]

[package.dependencies]
numpy = "*"

[package.extras]
all = ["defusedxml", "fsspec", "imagecodecs (>=2023.1.23)", "lxml", "matplotlib", "zarr"]

[package.source]
type = "legacy"
url = "https://www.piwheels.org/simple"
reference = "piwheels"

[[package]]
name = "transforms3d"
version = "0.4.1"
description = "Functions for 3D coordinate transformations"
optional = false
python-versions = ">=3.6"
files = [
    {file = "transforms3d-0.4.1-py3-none-any.whl", hash = "sha256:ee06ae02d5c18acd33b9e00ec0e4910d4b2b1ca7a52f562110225911c97355da"},
]

[package.source]
type = "legacy"
url = "https://www.piwheels.org/simple"
reference = "piwheels"

[[package]]
name = "werkzeug"
version = "2.3.6"
description = "The comprehensive WSGI web application library."
optional = false
python-versions = ">=3.8"
files = [
    {file = "Werkzeug-2.3.6-py3-none-any.whl", hash = "sha256:9011cea2789169db73aa28902e20b7f87bf1fd63c2b07298b7dcfa123584ecd0"},
]

[package.dependencies]
MarkupSafe = ">=2.1.1"

[package.extras]
watchdog = ["watchdog (>=2.3)"]

[package.source]
type = "legacy"
url = "https://www.piwheels.org/simple"
reference = "piwheels"

[[package]]
name = "zipp"
version = "3.16.2"
description = "Backport of pathlib-compatible object wrapper for zip files"
optional = false
python-versions = ">=3.8"
files = [
    {file = "zipp-3.16.2-py3-none-any.whl", hash = "sha256:ffebb2bccce49efecaa7b6d4d273d64e047c4d0ea72b6f04c05a11a9f49a753d"},
]

[package.extras]
docs = ["furo", "jaraco.packaging (>=9.3)", "jaraco.tidelift (>=1.4)", "rst.linker (>=1.9)", "sphinx (>=3.5)", "sphinx-lint"]
testing = ["big-O", "jaraco.functools", "jaraco.itertools", "more-itertools", "pytest (>=6)", "pytest-black (>=0.3.7)", "pytest-checkdocs (>=2.4)", "pytest-cov", "pytest-enabler (>=2.2)", "pytest-ignore-flaky", "pytest-mypy (>=0.9.1)", "pytest-ruff"]

[package.source]
type = "legacy"
url = "https://www.piwheels.org/simple"
reference = "piwheels"

[metadata]
lock-version = "2.0"
python-versions = "3.9.2"
content-hash = "87b532822f878f4dc3efaf1d000bf1c2a993ac5cd1db9a30902a0480f7ba3e4a"
